
Microsoft Visual Studio Solution File, Format Version 12.00
# Visual Studio Version 17
VisualStudioVersion = 17.9.34701.34
MinimumVisualStudioVersion = 10.0.40219.1
Project("{FAE04EC0-301F-11D3-BF4B-00C04F79EFBC}") = "Chat.SignalR", "Chat.SignalR\Chat.SignalR.csproj", "{0A661D3F-5A09-4723-962C-C79EDA6260ED}"
EndProject
Global
	GlobalSection(SolutionConfigurationPlatforms) = preSolution
		Debug|Any CPU = Debug|Any CPU
		Release|Any CPU = Release|Any CPU
	EndGlobalSection
	GlobalSection(ProjectConfigurationPlatforms) = postSolution
		{0A661D3F-5A09-4723-962C-C79EDA6260ED}.Debug|Any CPU.ActiveCfg = Debug|Any CPU
		{0A661D3F-5A09-4723-962C-C79EDA6260ED}.Debug|Any CPU.Build.0 = Debug|Any CPU
		{0A661D3F-5A09-4723-962C-C79EDA6260ED}.Release|Any CPU.ActiveCfg = Release|Any CPU
		{0A661D3F-5A09-4723-962C-C79EDA6260ED}.Release|Any CPU.Build.0 = Release|Any CPU
	EndGlobalSection
	GlobalSection(SolutionProperties) = preSolution
		HideSolutionNode = FALSE
	EndGlobalSection
	GlobalSection(ExtensibilityGlobals) = postSolution
		SolutionGuid = {C81905A3-C5EC-467C-8B06-10D3016DBE45}
	EndGlobalSection
EndGlobal
